
Microsoft Visual Studio Solution File, Format Version 12.00
# Visual Studio Version 16
VisualStudioVersion = 16.0.30320.27
MinimumVisualStudioVersion = 10.0.40219.1
Project("{FAE04EC0-301F-11D3-BF4B-00C04F79EFBC}") = "APIBoletim", "APIBoletim\APIBoletim.csproj", "{19B7DD43-BE81-45AE-9D71-F7B8A41CB4C2}"
EndProject
Global
	GlobalSection(SolutionConfigurationPlatforms) = preSolution
		Debug|Any CPU = Debug|Any CPU
		Release|Any CPU = Release|Any CPU
	EndGlobalSection
	GlobalSection(ProjectConfigurationPlatforms) = postSolution
		{19B7DD43-BE81-45AE-9D71-F7B8A41CB4C2}.Debug|Any CPU.ActiveCfg = Debug|Any CPU
		{19B7DD43-BE81-45AE-9D71-F7B8A41CB4C2}.Debug|Any CPU.Build.0 = Debug|Any CPU
		{19B7DD43-BE81-45AE-9D71-F7B8A41CB4C2}.Release|Any CPU.ActiveCfg = Release|Any CPU
		{19B7DD43-BE81-45AE-9D71-F7B8A41CB4C2}.Release|Any CPU.Build.0 = Release|Any CPU
	EndGlobalSection
	GlobalSection(SolutionProperties) = preSolution
		HideSolutionNode = FALSE
	EndGlobalSection
	GlobalSection(ExtensibilityGlobals) = postSolution
		SolutionGuid = {479F893A-E527-4306-9DF4-178DF1A9356D}
	EndGlobalSection
EndGlobal
